{
  "originHash" : "30951f6d77c03868bb74b0838ce93637391a168c6668a029c8a8a1dd9fb01aa5",
  "pins" : [
    {
      "identity" : "graphiti",
      "kind" : "remoteSourceControl",
      "location" : "https://github.com/GraphQLSwift/Graphiti.git",
      "state" : {
        "revision" : "a23a3d232df202fc158ad2d698926325b470523c",
        "version" : "3.0.0"
      }
    },
    {
      "identity" : "graphql",
      "kind" : "remoteSourceControl",
      "location" : "https://github.com/GraphQLSwift/GraphQL.git",
      "state" : {
        "revision" : "0fe18bc0bbbc9ab8929c285f419adea7c8fc7da2",
        "version" : "4.0.1"
      }
    },
    {
      "identity" : "swift-collections",
      "kind" : "remoteSourceControl",
      "location" : "https://github.com/apple/swift-collections",
      "state" : {
        "revision" : "8c0c0a8b49e080e54e5e328cc552821ff07cd341",
        "version" : "1.2.1"
      }
    }
  ],
  "version" : 3
}
